
Microsoft Visual Studio Solution File, Format Version 12.00
# Visual Studio 2012
Project("{FAE04EC0-301F-11D3-BF4B-00C04F79EFBC}") = "ddqsdqs", "ddqsdqs\ddqsdqs.csproj", "{066D19DA-873E-4456-A2DC-A79245CD3C2D}"
EndProject
Global
	GlobalSection(SolutionConfigurationPlatforms) = preSolution
		Debug|x86 = Debug|x86
		Release|x86 = Release|x86
	EndGlobalSection
	GlobalSection(ProjectConfigurationPlatforms) = postSolution
		{066D19DA-873E-4456-A2DC-A79245CD3C2D}.Debug|x86.ActiveCfg = Debug|x86
		{066D19DA-873E-4456-A2DC-A79245CD3C2D}.Debug|x86.Build.0 = Debug|x86
		{066D19DA-873E-4456-A2DC-A79245CD3C2D}.Release|x86.ActiveCfg = Release|x86
		{066D19DA-873E-4456-A2DC-A79245CD3C2D}.Release|x86.Build.0 = Release|x86
	EndGlobalSection
EndGlobal
